
Microsoft Visual Studio Solution File, Format Version 12.00
# Visual Studio Version 16
VisualStudioVersion = 16.0.30711.63
MinimumVisualStudioVersion = 10.0.40219.1
Project("{9A19103F-16F7-4668-BE54-9A1E7A4F7556}") = "OpportunITyy", "OpportunITyy.csproj", "{57090392-B77B-447D-9A33-F3A86AE4C1B6}"
EndProject
Global
	GlobalSection(SolutionConfigurationPlatforms) = preSolution
		Debug|Any CPU = Debug|Any CPU
		Release|Any CPU = Release|Any CPU
	EndGlobalSection
	GlobalSection(ProjectConfigurationPlatforms) = postSolution
		{57090392-B77B-447D-9A33-F3A86AE4C1B6}.Debug|Any CPU.ActiveCfg = Debug|Any CPU
		{57090392-B77B-447D-9A33-F3A86AE4C1B6}.Debug|Any CPU.Build.0 = Debug|Any CPU
		{57090392-B77B-447D-9A33-F3A86AE4C1B6}.Release|Any CPU.ActiveCfg = Release|Any CPU
		{57090392-B77B-447D-9A33-F3A86AE4C1B6}.Release|Any CPU.Build.0 = Release|Any CPU
	EndGlobalSection
	GlobalSection(SolutionProperties) = preSolution
		HideSolutionNode = FALSE
	EndGlobalSection
	GlobalSection(ExtensibilityGlobals) = postSolution
		SolutionGuid = {155C14F5-23AE-4D14-9747-A8B44EB43B54}
	EndGlobalSection
EndGlobal
